
Microsoft Visual Studio Solution File, Format Version 12.00
# Visual Studio Version 17
VisualStudioVersion = 17.12.35521.163 d17.12
MinimumVisualStudioVersion = 10.0.40219.1
Project("{FAE04EC0-301F-11D3-BF4B-00C04F79EFBC}") = "TicketBridge", "TicketBridge\TicketBridge\TicketBridge.csproj", "{E1E24845-44E4-4663-8419-77CD95447CE7}"
EndProject
Project("{FAE04EC0-301F-11D3-BF4B-00C04F79EFBC}") = "TicketBridge.Client", "TicketBridge\TicketBridge.Client\TicketBridge.Client.csproj", "{3135C3A7-E502-4A38-A4DF-4CA9CC00CC07}"
EndProject
Global
	GlobalSection(SolutionConfigurationPlatforms) = preSolution
		Debug|Any CPU = Debug|Any CPU
		Release|Any CPU = Release|Any CPU
	EndGlobalSection
	GlobalSection(ProjectConfigurationPlatforms) = postSolution
		{E1E24845-44E4-4663-8419-77CD95447CE7}.Debug|Any CPU.ActiveCfg = Debug|Any CPU
		{E1E24845-44E4-4663-8419-77CD95447CE7}.Debug|Any CPU.Build.0 = Debug|Any CPU
		{E1E24845-44E4-4663-8419-77CD95447CE7}.Release|Any CPU.ActiveCfg = Release|Any CPU
		{E1E24845-44E4-4663-8419-77CD95447CE7}.Release|Any CPU.Build.0 = Release|Any CPU
		{3135C3A7-E502-4A38-A4DF-4CA9CC00CC07}.Debug|Any CPU.ActiveCfg = Debug|Any CPU
		{3135C3A7-E502-4A38-A4DF-4CA9CC00CC07}.Debug|Any CPU.Build.0 = Debug|Any CPU
		{3135C3A7-E502-4A38-A4DF-4CA9CC00CC07}.Release|Any CPU.ActiveCfg = Release|Any CPU
		{3135C3A7-E502-4A38-A4DF-4CA9CC00CC07}.Release|Any CPU.Build.0 = Release|Any CPU
	EndGlobalSection
	GlobalSection(SolutionProperties) = preSolution
		HideSolutionNode = FALSE
	EndGlobalSection
EndGlobal
